
Microsoft Visual Studio Solution File, Format Version 12.00
# Visual Studio 2015
Project("{FAE04EC0-301F-11D3-BF4B-00C04F79EFBC}") = "ProjetMiyazaki.Plugins", "ProjetMiyazaki.Plugins.csproj", "{968A3303-1D04-6934-635C-A289F96D87B9}"
EndProject
Project("{FAE04EC0-301F-11D3-BF4B-00C04F79EFBC}") = "ProjetMiyazaki", "ProjetMiyazaki.csproj", "{ED06482E-B0ED-7B99-DCC6-92BE24FAD2FA}"
EndProject
Project("{FAE04EC0-301F-11D3-BF4B-00C04F79EFBC}") = "ProjetMiyazaki.Editor", "ProjetMiyazaki.Editor.csproj", "{C4B30172-51BD-1605-2D61-BC445ED449EA}"
EndProject
Global
	GlobalSection(SolutionConfigurationPlatforms) = preSolution
		Debug|Any CPU = Debug|Any CPU
		Release|Any CPU = Release|Any CPU
	EndGlobalSection
	GlobalSection(ProjectConfigurationPlatforms) = postSolution
		{968A3303-1D04-6934-635C-A289F96D87B9}.Debug|Any CPU.ActiveCfg = Debug|Any CPU
		{968A3303-1D04-6934-635C-A289F96D87B9}.Debug|Any CPU.Build.0 = Debug|Any CPU
		{968A3303-1D04-6934-635C-A289F96D87B9}.Release|Any CPU.ActiveCfg = Release|Any CPU
		{968A3303-1D04-6934-635C-A289F96D87B9}.Release|Any CPU.Build.0 = Release|Any CPU
		{ED06482E-B0ED-7B99-DCC6-92BE24FAD2FA}.Debug|Any CPU.ActiveCfg = Debug|Any CPU
		{ED06482E-B0ED-7B99-DCC6-92BE24FAD2FA}.Debug|Any CPU.Build.0 = Debug|Any CPU
		{ED06482E-B0ED-7B99-DCC6-92BE24FAD2FA}.Release|Any CPU.ActiveCfg = Release|Any CPU
		{ED06482E-B0ED-7B99-DCC6-92BE24FAD2FA}.Release|Any CPU.Build.0 = Release|Any CPU
		{C4B30172-51BD-1605-2D61-BC445ED449EA}.Debug|Any CPU.ActiveCfg = Debug|Any CPU
		{C4B30172-51BD-1605-2D61-BC445ED449EA}.Debug|Any CPU.Build.0 = Debug|Any CPU
		{C4B30172-51BD-1605-2D61-BC445ED449EA}.Release|Any CPU.ActiveCfg = Release|Any CPU
		{C4B30172-51BD-1605-2D61-BC445ED449EA}.Release|Any CPU.Build.0 = Release|Any CPU
	EndGlobalSection
	GlobalSection(SolutionProperties) = preSolution
		HideSolutionNode = FALSE
	EndGlobalSection
EndGlobal
